
Microsoft Visual Studio Solution File, Format Version 12.00
# Visual Studio Version 17
VisualStudioVersion = 17.5.002.0
MinimumVisualStudioVersion = 10.0.40219.1
Project("{9A19103F-16F7-4668-BE54-9A1E7A4F7556}") = "Parks", "Parks\Parks.csproj", "{D6C5CC2E-A1F0-455C-9CDD-7F4BDDA385C1}"
EndProject
Global
	GlobalSection(SolutionConfigurationPlatforms) = preSolution
		Debug|Any CPU = Debug|Any CPU
		Release|Any CPU = Release|Any CPU
	EndGlobalSection
	GlobalSection(ProjectConfigurationPlatforms) = postSolution
		{D6C5CC2E-A1F0-455C-9CDD-7F4BDDA385C1}.Debug|Any CPU.ActiveCfg = Debug|Any CPU
		{D6C5CC2E-A1F0-455C-9CDD-7F4BDDA385C1}.Debug|Any CPU.Build.0 = Debug|Any CPU
		{D6C5CC2E-A1F0-455C-9CDD-7F4BDDA385C1}.Release|Any CPU.ActiveCfg = Release|Any CPU
		{D6C5CC2E-A1F0-455C-9CDD-7F4BDDA385C1}.Release|Any CPU.Build.0 = Release|Any CPU
	EndGlobalSection
	GlobalSection(SolutionProperties) = preSolution
		HideSolutionNode = FALSE
	EndGlobalSection
	GlobalSection(ExtensibilityGlobals) = postSolution
		SolutionGuid = {80CA21D1-CAD4-4116-ACBB-31D8C79C3F04}
	EndGlobalSection
EndGlobal
